
Microsoft Visual Studio Solution File, Format Version 12.00
# Visual Studio Version 17
VisualStudioVersion = 17.7.34024.191
MinimumVisualStudioVersion = 10.0.40219.1
Project("{FAE04EC0-301F-11D3-BF4B-00C04F79EFBC}") = "uppgift 4.1", "uppgift 4.1\uppgift 4.1.csproj", "{9F31D9EE-9E1F-4802-A76C-688DEC0CAA94}"
EndProject
Global
	GlobalSection(SolutionConfigurationPlatforms) = preSolution
		Debug|Any CPU = Debug|Any CPU
		Release|Any CPU = Release|Any CPU
	EndGlobalSection
	GlobalSection(ProjectConfigurationPlatforms) = postSolution
		{9F31D9EE-9E1F-4802-A76C-688DEC0CAA94}.Debug|Any CPU.ActiveCfg = Debug|Any CPU
		{9F31D9EE-9E1F-4802-A76C-688DEC0CAA94}.Debug|Any CPU.Build.0 = Debug|Any CPU
		{9F31D9EE-9E1F-4802-A76C-688DEC0CAA94}.Release|Any CPU.ActiveCfg = Release|Any CPU
		{9F31D9EE-9E1F-4802-A76C-688DEC0CAA94}.Release|Any CPU.Build.0 = Release|Any CPU
	EndGlobalSection
	GlobalSection(SolutionProperties) = preSolution
		HideSolutionNode = FALSE
	EndGlobalSection
	GlobalSection(ExtensibilityGlobals) = postSolution
		SolutionGuid = {A43F066F-2DC0-4540-A470-8217EE2E627A}
	EndGlobalSection
EndGlobal
